// !$*UTF8*$!
{
	archiveVersion = 1;
	classes = {
	};
	objectVersion = 56;
	objects = {

/* Begin PBXBuildFile section */
		000000000000000000000001 /* QueenMamaApp.swift in Sources */ = {isa = PBXBuildFile; fileRef = 100000000000000000000001 /* QueenMamaApp.swift */; };
		000000000000000000000002 /* Session.swift in Sources */ = {isa = PBXBuildFile; fileRef = 100000000000000000000002 /* Session.swift */; };
		000000000000000000000003 /* Mode.swift in Sources */ = {isa = PBXBuildFile; fileRef = 100000000000000000000003 /* Mode.swift */; };
		000000000000000000000004 /* AIResponse.swift in Sources */ = {isa = PBXBuildFile; fileRef = 100000000000000000000004 /* AIResponse.swift */; };
		000000000000000000000005 /* KeychainManager.swift in Sources */ = {isa = PBXBuildFile; fileRef = 100000000000000000000005 /* KeychainManager.swift */; };
		000000000000000000000006 /* ConfigurationManager.swift in Sources */ = {isa = PBXBuildFile; fileRef = 100000000000000000000006 /* ConfigurationManager.swift */; };
		000000000000000000000007 /* AudioCaptureService.swift in Sources */ = {isa = PBXBuildFile; fileRef = 100000000000000000000007 /* AudioCaptureService.swift */; };
		000000000000000000000008 /* ScreenCaptureService.swift in Sources */ = {isa = PBXBuildFile; fileRef = 100000000000000000000008 /* ScreenCaptureService.swift */; };
		000000000000000000000009 /* TranscriptionService.swift in Sources */ = {isa = PBXBuildFile; fileRef = 100000000000000000000009 /* TranscriptionService.swift */; };
		00000000000000000000000A /* AIService.swift in Sources */ = {isa = PBXBuildFile; fileRef = 10000000000000000000000A /* AIService.swift */; };
		00000000000000000000000B /* SessionManager.swift in Sources */ = {isa = PBXBuildFile; fileRef = 10000000000000000000000B /* SessionManager.swift */; };
		00000000000000000000000C /* AIProvider.swift in Sources */ = {isa = PBXBuildFile; fileRef = 10000000000000000000000C /* AIProvider.swift */; };
		00000000000000000000000D /* OpenAIProvider.swift in Sources */ = {isa = PBXBuildFile; fileRef = 10000000000000000000000D /* OpenAIProvider.swift */; };
		00000000000000000000000E /* AnthropicProvider.swift in Sources */ = {isa = PBXBuildFile; fileRef = 10000000000000000000000E /* AnthropicProvider.swift */; };
		00000000000000000000000F /* GeminiProvider.swift in Sources */ = {isa = PBXBuildFile; fileRef = 10000000000000000000000F /* GeminiProvider.swift */; };
		000000000000000000000010 /* DashboardView.swift in Sources */ = {isa = PBXBuildFile; fileRef = 100000000000000000000010 /* DashboardView.swift */; };
		000000000000000000000011 /* SessionListView.swift in Sources */ = {isa = PBXBuildFile; fileRef = 100000000000000000000011 /* SessionListView.swift */; };
		000000000000000000000012 /* LiveSessionView.swift in Sources */ = {isa = PBXBuildFile; fileRef = 100000000000000000000012 /* LiveSessionView.swift */; };
		000000000000000000000013 /* SettingsView.swift in Sources */ = {isa = PBXBuildFile; fileRef = 100000000000000000000013 /* SettingsView.swift */; };
		000000000000000000000014 /* ModesListView.swift in Sources */ = {isa = PBXBuildFile; fileRef = 100000000000000000000014 /* ModesListView.swift */; };
		000000000000000000000015 /* OverlayWindow.swift in Sources */ = {isa = PBXBuildFile; fileRef = 100000000000000000000015 /* OverlayWindow.swift */; };
		000000000000000000000016 /* OverlayContentView.swift in Sources */ = {isa = PBXBuildFile; fileRef = 100000000000000000000016 /* OverlayContentView.swift */; };
		000000000000000000000017 /* KeyboardShortcuts.swift in Sources */ = {isa = PBXBuildFile; fileRef = 100000000000000000000017 /* KeyboardShortcuts.swift */; };
		000000000000000000000018 /* Extensions.swift in Sources */ = {isa = PBXBuildFile; fileRef = 100000000000000000000018 /* Extensions.swift */; };
		000000000000000000000019 /* Assets.xcassets in Resources */ = {isa = PBXBuildFile; fileRef = 100000000000000000000019 /* Assets.xcassets */; };
		00000000000000000000001A /* DesignSystem.swift in Sources */ = {isa = PBXBuildFile; fileRef = 10000000000000000000001C /* DesignSystem.swift */; };
		00000000000000000000001B /* AutoAnswerService.swift in Sources */ = {isa = PBXBuildFile; fileRef = 10000000000000000000001D /* AutoAnswerService.swift */; };
		00000000000000000000001C /* OverlayPopupMenu.swift in Sources */ = {isa = PBXBuildFile; fileRef = 10000000000000000000001E /* OverlayPopupMenu.swift */; };
		5C8B7EA42F17D57E00DAE824 /* TranscriptionProviders.swift in Sources */ = {isa = PBXBuildFile; fileRef = 5C8B7EA32F17D57E00DAE824 /* TranscriptionProviders.swift */; };
		00000000000000000000001D /* OnboardingView.swift in Sources */ = {isa = PBXBuildFile; fileRef = 10000000000000000000001F /* OnboardingView.swift */; };
		00000000000000000000001E /* GrokProvider.swift in Sources */ = {isa = PBXBuildFile; fileRef = 100000000000000000000020 /* GrokProvider.swift */; };
		00000000000000000000001F /* AnthropicHaikuProvider.swift in Sources */ = {isa = PBXBuildFile; fileRef = 100000000000000000000021 /* AnthropicHaikuProvider.swift */; };
		000000000000000000000020 /* OpenAIGPT5Provider.swift in Sources */ = {isa = PBXBuildFile; fileRef = 100000000000000000000022 /* OpenAIGPT5Provider.swift */; };
		000000000000000000000021 /* ResponseCache.swift in Sources */ = {isa = PBXBuildFile; fileRef = 100000000000000000000023 /* ResponseCache.swift */; };
		000000000000000000000022 /* TokenUsageTracker.swift in Sources */ = {isa = PBXBuildFile; fileRef = 100000000000000000000024 /* TokenUsageTracker.swift */; };
		72E5F74C2ED54F91ABC5DA43 /* MarkdownRenderer.swift in Sources */ = {isa = PBXBuildFile; fileRef = AED67FF476044F25BA92C2A6 /* MarkdownRenderer.swift */; };
/* End PBXBuildFile section */

/* Begin PBXFileReference section */
		100000000000000000000001 /* QueenMamaApp.swift */ = {isa = PBXFileReference; lastKnownFileType = sourcecode.swift; path = QueenMamaApp.swift; sourceTree = "<group>"; };
		100000000000000000000002 /* Session.swift */ = {isa = PBXFileReference; lastKnownFileType = sourcecode.swift; path = Session.swift; sourceTree = "<group>"; };
		100000000000000000000003 /* Mode.swift */ = {isa = PBXFileReference; lastKnownFileType = sourcecode.swift; path = Mode.swift; sourceTree = "<group>"; };
		100000000000000000000004 /* AIResponse.swift */ = {isa = PBXFileReference; lastKnownFileType = sourcecode.swift; path = AIResponse.swift; sourceTree = "<group>"; };
		100000000000000000000005 /* KeychainManager.swift */ = {isa = PBXFileReference; lastKnownFileType = sourcecode.swift; path = KeychainManager.swift; sourceTree = "<group>"; };
		100000000000000000000006 /* ConfigurationManager.swift */ = {isa = PBXFileReference; lastKnownFileType = sourcecode.swift; path = ConfigurationManager.swift; sourceTree = "<group>"; };
		100000000000000000000007 /* AudioCaptureService.swift */ = {isa = PBXFileReference; lastKnownFileType = sourcecode.swift; path = AudioCaptureService.swift; sourceTree = "<group>"; };
		100000000000000000000008 /* ScreenCaptureService.swift */ = {isa = PBXFileReference; lastKnownFileType = sourcecode.swift; path = ScreenCaptureService.swift; sourceTree = "<group>"; };
		100000000000000000000009 /* TranscriptionService.swift */ = {isa = PBXFileReference; lastKnownFileType = sourcecode.swift; path = TranscriptionService.swift; sourceTree = "<group>"; };
		10000000000000000000000A /* AIService.swift */ = {isa = PBXFileReference; lastKnownFileType = sourcecode.swift; path = AIService.swift; sourceTree = "<group>"; };
		10000000000000000000000B /* SessionManager.swift */ = {isa = PBXFileReference; lastKnownFileType = sourcecode.swift; path = SessionManager.swift; sourceTree = "<group>"; };
		10000000000000000000000C /* AIProvider.swift */ = {isa = PBXFileReference; lastKnownFileType = sourcecode.swift; path = AIProvider.swift; sourceTree = "<group>"; };
		10000000000000000000000D /* OpenAIProvider.swift */ = {isa = PBXFileReference; lastKnownFileType = sourcecode.swift; path = OpenAIProvider.swift; sourceTree = "<group>"; };
		10000000000000000000000E /* AnthropicProvider.swift */ = {isa = PBXFileReference; lastKnownFileType = sourcecode.swift; path = AnthropicProvider.swift; sourceTree = "<group>"; };
		10000000000000000000000F /* GeminiProvider.swift */ = {isa = PBXFileReference; lastKnownFileType = sourcecode.swift; path = GeminiProvider.swift; sourceTree = "<group>"; };
		100000000000000000000010 /* DashboardView.swift */ = {isa = PBXFileReference; lastKnownFileType = sourcecode.swift; path = DashboardView.swift; sourceTree = "<group>"; };
		100000000000000000000011 /* SessionListView.swift */ = {isa = PBXFileReference; lastKnownFileType = sourcecode.swift; path = SessionListView.swift; sourceTree = "<group>"; };
		100000000000000000000012 /* LiveSessionView.swift */ = {isa = PBXFileReference; lastKnownFileType = sourcecode.swift; path = LiveSessionView.swift; sourceTree = "<group>"; };
		100000000000000000000013 /* SettingsView.swift */ = {isa = PBXFileReference; lastKnownFileType = sourcecode.swift; path = SettingsView.swift; sourceTree = "<group>"; };
		100000000000000000000014 /* ModesListView.swift */ = {isa = PBXFileReference; lastKnownFileType = sourcecode.swift; path = ModesListView.swift; sourceTree = "<group>"; };
		100000000000000000000015 /* OverlayWindow.swift */ = {isa = PBXFileReference; lastKnownFileType = sourcecode.swift; path = OverlayWindow.swift; sourceTree = "<group>"; };
		100000000000000000000016 /* OverlayContentView.swift */ = {isa = PBXFileReference; lastKnownFileType = sourcecode.swift; path = OverlayContentView.swift; sourceTree = "<group>"; };
		100000000000000000000017 /* KeyboardShortcuts.swift */ = {isa = PBXFileReference; lastKnownFileType = sourcecode.swift; path = KeyboardShortcuts.swift; sourceTree = "<group>"; };
		100000000000000000000018 /* Extensions.swift */ = {isa = PBXFileReference; lastKnownFileType = sourcecode.swift; path = Extensions.swift; sourceTree = "<group>"; };
		100000000000000000000019 /* Assets.xcassets */ = {isa = PBXFileReference; lastKnownFileType = folder.assetcatalog; path = Assets.xcassets; sourceTree = "<group>"; };
		10000000000000000000001A /* Info.plist */ = {isa = PBXFileReference; lastKnownFileType = text.plist.xml; path = Info.plist; sourceTree = "<group>"; };
		10000000000000000000001B /* QueenMama.entitlements */ = {isa = PBXFileReference; lastKnownFileType = text.plist.entitlements; path = QueenMama.entitlements; sourceTree = "<group>"; };
		200000000000000000000001 /* QueenMama.app */ = {isa = PBXFileReference; explicitFileType = wrapper.application; includeInIndex = 0; path = QueenMama.app; sourceTree = BUILT_PRODUCTS_DIR; };
		5C8B7EA32F17D57E00DAE824 /* TranscriptionProviders.swift */ = {isa = PBXFileReference; lastKnownFileType = sourcecode.swift; path = TranscriptionProviders.swift; sourceTree = "<group>"; };
		10000000000000000000001C /* DesignSystem.swift */ = {isa = PBXFileReference; lastKnownFileType = sourcecode.swift; path = DesignSystem.swift; sourceTree = "<group>"; };
		10000000000000000000001D /* AutoAnswerService.swift */ = {isa = PBXFileReference; lastKnownFileType = sourcecode.swift; path = AutoAnswerService.swift; sourceTree = "<group>"; };
		10000000000000000000001E /* OverlayPopupMenu.swift */ = {isa = PBXFileReference; lastKnownFileType = sourcecode.swift; path = OverlayPopupMenu.swift; sourceTree = "<group>"; };
		10000000000000000000001F /* OnboardingView.swift */ = {isa = PBXFileReference; lastKnownFileType = sourcecode.swift; path = OnboardingView.swift; sourceTree = "<group>"; };
		100000000000000000000020 /* GrokProvider.swift */ = {isa = PBXFileReference; lastKnownFileType = sourcecode.swift; path = GrokProvider.swift; sourceTree = "<group>"; };
		100000000000000000000021 /* AnthropicHaikuProvider.swift */ = {isa = PBXFileReference; lastKnownFileType = sourcecode.swift; path = AnthropicHaikuProvider.swift; sourceTree = "<group>"; };
		100000000000000000000022 /* OpenAIGPT5Provider.swift */ = {isa = PBXFileReference; lastKnownFileType = sourcecode.swift; path = OpenAIGPT5Provider.swift; sourceTree = "<group>"; };
		100000000000000000000023 /* ResponseCache.swift */ = {isa = PBXFileReference; lastKnownFileType = sourcecode.swift; path = ResponseCache.swift; sourceTree = "<group>"; };
		100000000000000000000024 /* TokenUsageTracker.swift */ = {isa = PBXFileReference; lastKnownFileType = sourcecode.swift; path = TokenUsageTracker.swift; sourceTree = "<group>"; };
		AED67FF476044F25BA92C2A6 /* MarkdownRenderer.swift */ = {isa = PBXFileReference; lastKnownFileType = sourcecode.swift; path = MarkdownRenderer.swift; sourceTree = "<group>"; };
/* End PBXFileReference section */

/* Begin PBXFrameworksBuildPhase section */
		300000000000000000000001 /* Frameworks */ = {
			isa = PBXFrameworksBuildPhase;
			buildActionMask = 2147483647;
			files = (
			);
			runOnlyForDeploymentPostprocessing = 0;
		};
/* End PBXFrameworksBuildPhase section */

/* Begin PBXGroup section */
		400000000000000000000001 = {
			isa = PBXGroup;
			children = (
				400000000000000000000002 /* QueenMama */,
				400000000000000000000003 /* Products */,
			);
			sourceTree = "<group>";
		};
		400000000000000000000002 /* QueenMama */ = {
			isa = PBXGroup;
			children = (
				100000000000000000000001 /* QueenMamaApp.swift */,
				400000000000000000000004 /* Models */,
				400000000000000000000005 /* Services */,
				400000000000000000000006 /* Views */,
				400000000000000000000007 /* Utilities */,
				100000000000000000000019 /* Assets.xcassets */,
				10000000000000000000001A /* Info.plist */,
				10000000000000000000001B /* QueenMama.entitlements */,
			);
			path = QueenMama;
			sourceTree = "<group>";
		};
		400000000000000000000003 /* Products */ = {
			isa = PBXGroup;
			children = (
				200000000000000000000001 /* QueenMama.app */,
			);
			name = Products;
			sourceTree = "<group>";
		};
		400000000000000000000004 /* Models */ = {
			isa = PBXGroup;
			children = (
				100000000000000000000002 /* Session.swift */,
				100000000000000000000003 /* Mode.swift */,
				100000000000000000000004 /* AIResponse.swift */,
			);
			path = Models;
			sourceTree = "<group>";
		};
		400000000000000000000005 /* Services */ = {
			isa = PBXGroup;
			children = (
				5C8B7EA32F17D57E00DAE824 /* TranscriptionProviders.swift */,
				100000000000000000000005 /* KeychainManager.swift */,
				100000000000000000000006 /* ConfigurationManager.swift */,
				100000000000000000000007 /* AudioCaptureService.swift */,
				100000000000000000000008 /* ScreenCaptureService.swift */,
				100000000000000000000009 /* TranscriptionService.swift */,
				10000000000000000000000A /* AIService.swift */,
				10000000000000000000000B /* SessionManager.swift */,
				10000000000000000000001D /* AutoAnswerService.swift */,
				100000000000000000000023 /* ResponseCache.swift */,
				100000000000000000000024 /* TokenUsageTracker.swift */,
				400000000000000000000008 /* Providers */,
			);
			path = Services;
			sourceTree = "<group>";
		};
		400000000000000000000006 /* Views */ = {
			isa = PBXGroup;
			children = (
				400000000000000000000009 /* Dashboard */,
				40000000000000000000000A /* Overlay */,
				40000000000000000000000C /* Onboarding */,
			);
			path = Views;
			sourceTree = "<group>";
		};
		40000000000000000000000C /* Onboarding */ = {
			isa = PBXGroup;
			children = (
				10000000000000000000001F /* OnboardingView.swift */,
			);
			path = Onboarding;
			sourceTree = "<group>";
		};
		400000000000000000000007 /* Utilities */ = {
			isa = PBXGroup;
			children = (
				10000000000000000000001C /* DesignSystem.swift */,
				100000000000000000000017 /* KeyboardShortcuts.swift */,
				40000000000000000000000B /* Extensions */,
				AED67FF476044F25BA92C2A6 /* MarkdownRenderer.swift */,);
			path = Utilities;
			sourceTree = "<group>";
		};
		400000000000000000000008 /* Providers */ = {
			isa = PBXGroup;
			children = (
				10000000000000000000000C /* AIProvider.swift */,
				10000000000000000000000D /* OpenAIProvider.swift */,
				10000000000000000000000E /* AnthropicProvider.swift */,
				100000000000000000000021 /* AnthropicHaikuProvider.swift */,
				10000000000000000000000F /* GeminiProvider.swift */,
				100000000000000000000020 /* GrokProvider.swift */,
				100000000000000000000022 /* OpenAIGPT5Provider.swift */,
			);
			path = Providers;
			sourceTree = "<group>";
		};
		400000000000000000000009 /* Dashboard */ = {
			isa = PBXGroup;
			children = (
				100000000000000000000010 /* DashboardView.swift */,
				100000000000000000000011 /* SessionListView.swift */,
				100000000000000000000012 /* LiveSessionView.swift */,
				100000000000000000000013 /* SettingsView.swift */,
				100000000000000000000014 /* ModesListView.swift */,
			);
			path = Dashboard;
			sourceTree = "<group>";
		};
		40000000000000000000000A /* Overlay */ = {
			isa = PBXGroup;
			children = (
				100000000000000000000015 /* OverlayWindow.swift */,
				100000000000000000000016 /* OverlayContentView.swift */,
				10000000000000000000001E /* OverlayPopupMenu.swift */,
			);
			path = Overlay;
			sourceTree = "<group>";
		};
		40000000000000000000000B /* Extensions */ = {
			isa = PBXGroup;
			children = (
				100000000000000000000018 /* Extensions.swift */,
			);
			path = Extensions;
			sourceTree = "<group>";
		};
/* End PBXGroup section */

/* Begin PBXNativeTarget section */
		500000000000000000000001 /* QueenMama */ = {
			isa = PBXNativeTarget;
			buildConfigurationList = 600000000000000000000001 /* Build configuration list for PBXNativeTarget "QueenMama" */;
			buildPhases = (
				500000000000000000000002 /* Sources */,
				300000000000000000000001 /* Frameworks */,
				500000000000000000000003 /* Resources */,
			);
			buildRules = (
			);
			dependencies = (
			);
			name = QueenMama;
			productName = QueenMama;
			productReference = 200000000000000000000001 /* QueenMama.app */;
			productType = "com.apple.product-type.application";
		};
/* End PBXNativeTarget section */

/* Begin PBXProject section */
		700000000000000000000001 /* Project object */ = {
			isa = PBXProject;
			attributes = {
				BuildIndependentTargetsInParallel = 1;
				LastSwiftUpdateCheck = 1500;
				LastUpgradeCheck = 1500;
				TargetAttributes = {
					500000000000000000000001 = {
						CreatedOnToolsVersion = 15.0;
					};
				};
			};
			buildConfigurationList = 600000000000000000000002 /* Build configuration list for PBXProject "QueenMama" */;
			compatibilityVersion = "Xcode 14.0";
			developmentRegion = en;
			hasScannedForEncodings = 0;
			knownRegions = (
				en,
				Base,
			);
			mainGroup = 400000000000000000000001;
			productRefGroup = 400000000000000000000003 /* Products */;
			projectDirPath = "";
			projectRoot = "";
			targets = (
				500000000000000000000001 /* QueenMama */,
			);
		};
/* End PBXProject section */

/* Begin PBXResourcesBuildPhase section */
		500000000000000000000003 /* Resources */ = {
			isa = PBXResourcesBuildPhase;
			buildActionMask = 2147483647;
			files = (
				000000000000000000000019 /* Assets.xcassets in Resources */,
			);
			runOnlyForDeploymentPostprocessing = 0;
		};
/* End PBXResourcesBuildPhase section */

/* Begin PBXSourcesBuildPhase section */
		500000000000000000000002 /* Sources */ = {
			isa = PBXSourcesBuildPhase;
			buildActionMask = 2147483647;
			files = (
				000000000000000000000001 /* QueenMamaApp.swift in Sources */,
				000000000000000000000002 /* Session.swift in Sources */,
				000000000000000000000003 /* Mode.swift in Sources */,
				000000000000000000000004 /* AIResponse.swift in Sources */,
				5C8B7EA42F17D57E00DAE824 /* TranscriptionProviders.swift in Sources */,
				000000000000000000000005 /* KeychainManager.swift in Sources */,
				000000000000000000000006 /* ConfigurationManager.swift in Sources */,
				000000000000000000000007 /* AudioCaptureService.swift in Sources */,
				000000000000000000000008 /* ScreenCaptureService.swift in Sources */,
				000000000000000000000009 /* TranscriptionService.swift in Sources */,
				00000000000000000000000A /* AIService.swift in Sources */,
				00000000000000000000000B /* SessionManager.swift in Sources */,
				000000000000000000000021 /* ResponseCache.swift in Sources */,
				000000000000000000000022 /* TokenUsageTracker.swift in Sources */,
				00000000000000000000000C /* AIProvider.swift in Sources */,
				00000000000000000000000D /* OpenAIProvider.swift in Sources */,
				00000000000000000000000E /* AnthropicProvider.swift in Sources */,
				00000000000000000000000F /* GeminiProvider.swift in Sources */,
				000000000000000000000010 /* DashboardView.swift in Sources */,
				000000000000000000000011 /* SessionListView.swift in Sources */,
				000000000000000000000012 /* LiveSessionView.swift in Sources */,
				000000000000000000000013 /* SettingsView.swift in Sources */,
				000000000000000000000014 /* ModesListView.swift in Sources */,
				000000000000000000000015 /* OverlayWindow.swift in Sources */,
				000000000000000000000016 /* OverlayContentView.swift in Sources */,
				000000000000000000000017 /* KeyboardShortcuts.swift in Sources */,
				000000000000000000000018 /* Extensions.swift in Sources */,
				00000000000000000000001A /* DesignSystem.swift in Sources */,
				00000000000000000000001B /* AutoAnswerService.swift in Sources */,
				00000000000000000000001C /* OverlayPopupMenu.swift in Sources */,
				00000000000000000000001D /* OnboardingView.swift in Sources */,
				00000000000000000000001E /* GrokProvider.swift in Sources */,
				00000000000000000000001F /* AnthropicHaikuProvider.swift in Sources */,
				000000000000000000000020 /* OpenAIGPT5Provider.swift in Sources */,
				72E5F74C2ED54F91ABC5DA43 /* MarkdownRenderer.swift in Sources */,);
			runOnlyForDeploymentPostprocessing = 0;
		};
/* End PBXSourcesBuildPhase section */

/* Begin XCBuildConfiguration section */
		800000000000000000000001 /* Debug */ = {
			isa = XCBuildConfiguration;
			buildSettings = {
				ALWAYS_SEARCH_USER_PATHS = NO;
				ASSETCATALOG_COMPILER_GENERATE_SWIFT_ASSET_SYMBOL_EXTENSIONS = YES;
				CLANG_ANALYZER_NONNULL = YES;
				CLANG_ANALYZER_NUMBER_OBJECT_CONVERSION = YES_AGGRESSIVE;
				CLANG_CXX_LANGUAGE_STANDARD = "gnu++20";
				CLANG_ENABLE_MODULES = YES;
				CLANG_ENABLE_OBJC_ARC = YES;
				CLANG_ENABLE_OBJC_WEAK = YES;
				CLANG_WARN_BLOCK_CAPTURE_AUTORELEASING = YES;
				CLANG_WARN_BOOL_CONVERSION = YES;
				CLANG_WARN_COMMA = YES;
				CLANG_WARN_CONSTANT_CONVERSION = YES;
				CLANG_WARN_DEPRECATED_OBJC_IMPLEMENTATIONS = YES;
				CLANG_WARN_DIRECT_OBJC_ISA_USAGE = YES_ERROR;
				CLANG_WARN_DOCUMENTATION_COMMENTS = YES;
				CLANG_WARN_EMPTY_BODY = YES;
				CLANG_WARN_ENUM_CONVERSION = YES;
				CLANG_WARN_INFINITE_RECURSION = YES;
				CLANG_WARN_INT_CONVERSION = YES;
				CLANG_WARN_NON_LITERAL_NULL_CONVERSION = YES;
				CLANG_WARN_OBJC_IMPLICIT_RETAIN_SELF = YES;
				CLANG_WARN_OBJC_LITERAL_CONVERSION = YES;
				CLANG_WARN_OBJC_ROOT_CLASS = YES_ERROR;
				CLANG_WARN_QUOTED_INCLUDE_IN_FRAMEWORK_HEADER = YES;
				CLANG_WARN_RANGE_LOOP_ANALYSIS = YES;
				CLANG_WARN_STRICT_PROTOTYPES = YES;
				CLANG_WARN_SUSPICIOUS_MOVE = YES;
				CLANG_WARN_UNGUARDED_AVAILABILITY = YES_AGGRESSIVE;
				CLANG_WARN_UNREACHABLE_CODE = YES;
				CLANG_WARN__DUPLICATE_METHOD_MATCH = YES;
				COPY_PHASE_STRIP = NO;
				DEBUG_INFORMATION_FORMAT = dwarf;
				ENABLE_STRICT_OBJC_MSGSEND = YES;
				ENABLE_TESTABILITY = YES;
				ENABLE_USER_SCRIPT_SANDBOXING = YES;
				GCC_C_LANGUAGE_STANDARD = gnu17;
				GCC_DYNAMIC_NO_PIC = NO;
				GCC_NO_COMMON_BLOCKS = YES;
				GCC_OPTIMIZATION_LEVEL = 0;
				GCC_PREPROCESSOR_DEFINITIONS = (
					"DEBUG=1",
					"$(inherited)",
				);
				GCC_WARN_64_TO_32_BIT_CONVERSION = YES;
				GCC_WARN_ABOUT_RETURN_TYPE = YES_ERROR;
				GCC_WARN_UNDECLARED_SELECTOR = YES;
				GCC_WARN_UNINITIALIZED_AUTOS = YES_AGGRESSIVE;
				GCC_WARN_UNUSED_FUNCTION = YES;
				GCC_WARN_UNUSED_VARIABLE = YES;
				LOCALIZATION_PREFERS_STRING_CATALOGS = YES;
				MACOSX_DEPLOYMENT_TARGET = 14.2;
				MTL_ENABLE_DEBUG_INFO = INCLUDE_SOURCE;
				MTL_FAST_MATH = YES;
				ONLY_ACTIVE_ARCH = YES;
				SDKROOT = macosx;
				SWIFT_ACTIVE_COMPILATION_CONDITIONS = "DEBUG $(inherited)";
				SWIFT_OPTIMIZATION_LEVEL = "-Onone";
			};
			name = Debug;
		};
		800000000000000000000002 /* Release */ = {
			isa = XCBuildConfiguration;
			buildSettings = {
				ALWAYS_SEARCH_USER_PATHS = NO;
				ASSETCATALOG_COMPILER_GENERATE_SWIFT_ASSET_SYMBOL_EXTENSIONS = YES;
				CLANG_ANALYZER_NONNULL = YES;
				CLANG_ANALYZER_NUMBER_OBJECT_CONVERSION = YES_AGGRESSIVE;
				CLANG_CXX_LANGUAGE_STANDARD = "gnu++20";
				CLANG_ENABLE_MODULES = YES;
				CLANG_ENABLE_OBJC_ARC = YES;
				CLANG_ENABLE_OBJC_WEAK = YES;
				CLANG_WARN_BLOCK_CAPTURE_AUTORELEASING = YES;
				CLANG_WARN_BOOL_CONVERSION = YES;
				CLANG_WARN_COMMA = YES;
				CLANG_WARN_CONSTANT_CONVERSION = YES;
				CLANG_WARN_DEPRECATED_OBJC_IMPLEMENTATIONS = YES;
				CLANG_WARN_DIRECT_OBJC_ISA_USAGE = YES_ERROR;
				CLANG_WARN_DOCUMENTATION_COMMENTS = YES;
				CLANG_WARN_EMPTY_BODY = YES;
				CLANG_WARN_ENUM_CONVERSION = YES;
				CLANG_WARN_INFINITE_RECURSION = YES;
				CLANG_WARN_INT_CONVERSION = YES;
				CLANG_WARN_NON_LITERAL_NULL_CONVERSION = YES;
				CLANG_WARN_OBJC_IMPLICIT_RETAIN_SELF = YES;
				CLANG_WARN_OBJC_LITERAL_CONVERSION = YES;
				CLANG_WARN_OBJC_ROOT_CLASS = YES_ERROR;
				CLANG_WARN_QUOTED_INCLUDE_IN_FRAMEWORK_HEADER = YES;
				CLANG_WARN_RANGE_LOOP_ANALYSIS = YES;
				CLANG_WARN_STRICT_PROTOTYPES = YES;
				CLANG_WARN_SUSPICIOUS_MOVE = YES;
				CLANG_WARN_UNGUARDED_AVAILABILITY = YES_AGGRESSIVE;
				CLANG_WARN_UNREACHABLE_CODE = YES;
				CLANG_WARN__DUPLICATE_METHOD_MATCH = YES;
				COPY_PHASE_STRIP = NO;
				DEBUG_INFORMATION_FORMAT = "dwarf-with-dsym";
				ENABLE_NS_ASSERTIONS = NO;
				ENABLE_STRICT_OBJC_MSGSEND = YES;
				ENABLE_USER_SCRIPT_SANDBOXING = YES;
				GCC_C_LANGUAGE_STANDARD = gnu17;
				GCC_NO_COMMON_BLOCKS = YES;
				GCC_WARN_64_TO_32_BIT_CONVERSION = YES;
				GCC_WARN_ABOUT_RETURN_TYPE = YES_ERROR;
				GCC_WARN_UNDECLARED_SELECTOR = YES;
				GCC_WARN_UNINITIALIZED_AUTOS = YES_AGGRESSIVE;
				GCC_WARN_UNUSED_FUNCTION = YES;
				GCC_WARN_UNUSED_VARIABLE = YES;
				LOCALIZATION_PREFERS_STRING_CATALOGS = YES;
				MACOSX_DEPLOYMENT_TARGET = 14.2;
				MTL_ENABLE_DEBUG_INFO = NO;
				MTL_FAST_MATH = YES;
				SDKROOT = macosx;
				SWIFT_COMPILATION_MODE = wholemodule;
			};
			name = Release;
		};
		800000000000000000000003 /* Debug */ = {
			isa = XCBuildConfiguration;
			buildSettings = {
				ASSETCATALOG_COMPILER_APPICON_NAME = AppIcon;
				ASSETCATALOG_COMPILER_GLOBAL_ACCENT_COLOR_NAME = AccentColor;
				CODE_SIGN_ENTITLEMENTS = QueenMama/QueenMama.entitlements;
				"CODE_SIGN_IDENTITY[sdk=macosx*]" = "Apple Development";
				CODE_SIGN_STYLE = Automatic;
				COMBINE_HIDPI_IMAGES = YES;
				CURRENT_PROJECT_VERSION = 1;
				DEVELOPMENT_TEAM = WNNDDTBPGK;
				ENABLE_HARDENED_RUNTIME = YES;
				GENERATE_INFOPLIST_FILE = NO;
				INFOPLIST_FILE = QueenMama/Info.plist;
				INFOPLIST_KEY_LSApplicationCategoryType = "public.app-category.productivity";
				INFOPLIST_KEY_NSHumanReadableCopyright = "";
				INFOPLIST_KEY_NSMicrophoneUsageDescription = "Queen Mama needs microphone access to transcribe your voice during meetings and calls.";
				LD_RUNPATH_SEARCH_PATHS = (
					"$(inherited)",
					"@executable_path/../Frameworks",
				);
				MARKETING_VERSION = 1.0;
				PRODUCT_BUNDLE_IDENTIFIER = com.queenmama.app;
				PRODUCT_NAME = "$(TARGET_NAME)";
				SWIFT_EMIT_LOC_STRINGS = YES;
				SWIFT_STRICT_CONCURRENCY = complete;
				SWIFT_VERSION = 5.0;
			};
			name = Debug;
		};
		800000000000000000000004 /* Release */ = {
			isa = XCBuildConfiguration;
			buildSettings = {
				ASSETCATALOG_COMPILER_APPICON_NAME = AppIcon;
				ASSETCATALOG_COMPILER_GLOBAL_ACCENT_COLOR_NAME = AccentColor;
				CODE_SIGN_ENTITLEMENTS = QueenMama/QueenMama.entitlements;
				"CODE_SIGN_IDENTITY[sdk=macosx*]" = "Apple Development";
				CODE_SIGN_STYLE = Automatic;
				COMBINE_HIDPI_IMAGES = YES;
				CURRENT_PROJECT_VERSION = 1;
				DEVELOPMENT_TEAM = WNNDDTBPGK;
				ENABLE_HARDENED_RUNTIME = YES;
				GENERATE_INFOPLIST_FILE = NO;
				INFOPLIST_FILE = QueenMama/Info.plist;
				INFOPLIST_KEY_LSApplicationCategoryType = "public.app-category.productivity";
				INFOPLIST_KEY_NSHumanReadableCopyright = "";
				INFOPLIST_KEY_NSMicrophoneUsageDescription = "Queen Mama needs microphone access to transcribe your voice during meetings and calls.";
				LD_RUNPATH_SEARCH_PATHS = (
					"$(inherited)",
					"@executable_path/../Frameworks",
				);
				MARKETING_VERSION = 1.0;
				PRODUCT_BUNDLE_IDENTIFIER = com.queenmama.app;
				PRODUCT_NAME = "$(TARGET_NAME)";
				SWIFT_EMIT_LOC_STRINGS = YES;
				SWIFT_STRICT_CONCURRENCY = complete;
				SWIFT_VERSION = 5.0;
			};
			name = Release;
		};
/* End XCBuildConfiguration section */

/* Begin XCConfigurationList section */
		600000000000000000000001 /* Build configuration list for PBXNativeTarget "QueenMama" */ = {
			isa = XCConfigurationList;
			buildConfigurations = (
				800000000000000000000003 /* Debug */,
				800000000000000000000004 /* Release */,
			);
			defaultConfigurationIsVisible = 0;
			defaultConfigurationName = Release;
		};
		600000000000000000000002 /* Build configuration list for PBXProject "QueenMama" */ = {
			isa = XCConfigurationList;
			buildConfigurations = (
				800000000000000000000001 /* Debug */,
				800000000000000000000002 /* Release */,
			);
			defaultConfigurationIsVisible = 0;
			defaultConfigurationName = Release;
		};
/* End XCConfigurationList section */
	};
	rootObject = 700000000000000000000001 /* Project object */;
}
